
Microsoft Visual Studio Solution File, Format Version 12.00
# Visual Studio 15
VisualStudioVersion = 15.0.28307.271
MinimumVisualStudioVersion = 10.0.40219.1
Project("{FAE04EC0-301F-11D3-BF4B-00C04F79EFBC}") = "classAssignment", "classAssignment\classAssignment.csproj", "{855A820D-5630-4860-8694-4A88413A9E26}"
EndProject
Global
	GlobalSection(SolutionConfigurationPlatforms) = preSolution
		Debug|Any CPU = Debug|Any CPU
		Release|Any CPU = Release|Any CPU
	EndGlobalSection
	GlobalSection(ProjectConfigurationPlatforms) = postSolution
		{855A820D-5630-4860-8694-4A88413A9E26}.Debug|Any CPU.ActiveCfg = Debug|Any CPU
		{855A820D-5630-4860-8694-4A88413A9E26}.Debug|Any CPU.Build.0 = Debug|Any CPU
		{855A820D-5630-4860-8694-4A88413A9E26}.Release|Any CPU.ActiveCfg = Release|Any CPU
		{855A820D-5630-4860-8694-4A88413A9E26}.Release|Any CPU.Build.0 = Release|Any CPU
	EndGlobalSection
	GlobalSection(SolutionProperties) = preSolution
		HideSolutionNode = FALSE
	EndGlobalSection
	GlobalSection(ExtensibilityGlobals) = postSolution
		SolutionGuid = {2731D052-70AE-4975-91F2-3ED7C3699A4A}
	EndGlobalSection
EndGlobal
